
Microsoft Visual Studio Solution File, Format Version 12.00
# Visual Studio 2012
Project("{FAE04EC0-301F-11D3-BF4B-00C04F79EFBC}") = "StyleCopAutoFix", "StyleCopAutoFix\StyleCopAutoFix.csproj", "{47F2A3A8-8651-4612-8D1F-120BAC6BA0B7}"
EndProject
Global
	GlobalSection(SolutionConfigurationPlatforms) = preSolution
		Debug|Any CPU = Debug|Any CPU
		Release|Any CPU = Release|Any CPU
	EndGlobalSection
	GlobalSection(ProjectConfigurationPlatforms) = postSolution
		{47F2A3A8-8651-4612-8D1F-120BAC6BA0B7}.Debug|Any CPU.ActiveCfg = Debug|Any CPU
		{47F2A3A8-8651-4612-8D1F-120BAC6BA0B7}.Debug|Any CPU.Build.0 = Debug|Any CPU
		{47F2A3A8-8651-4612-8D1F-120BAC6BA0B7}.Release|Any CPU.ActiveCfg = Release|Any CPU
		{47F2A3A8-8651-4612-8D1F-120BAC6BA0B7}.Release|Any CPU.Build.0 = Release|Any CPU
	EndGlobalSection
	GlobalSection(SolutionProperties) = preSolution
		HideSolutionNode = FALSE
	EndGlobalSection
EndGlobal
